
Microsoft Visual Studio Solution File, Format Version 12.00
# Visual Studio Version 17
VisualStudioVersion = 17.6.33829.357
MinimumVisualStudioVersion = 10.0.40219.1
Project("{9A19103F-16F7-4668-BE54-9A1E7A4F7556}") = "MytheresaSystemTests", "MytheresaSystemTests.csproj", "{772BC3BC-B5F4-44B3-9FD7-ABA3AE843C31}"
EndProject
Global
	GlobalSection(SolutionConfigurationPlatforms) = preSolution
		Debug|Any CPU = Debug|Any CPU
	EndGlobalSection
	GlobalSection(ProjectConfigurationPlatforms) = postSolution
		{772BC3BC-B5F4-44B3-9FD7-ABA3AE843C31}.Debug|Any CPU.ActiveCfg = Debug|Any CPU
		{772BC3BC-B5F4-44B3-9FD7-ABA3AE843C31}.Debug|Any CPU.Build.0 = Debug|Any CPU
	EndGlobalSection
	GlobalSection(SolutionProperties) = preSolution
		HideSolutionNode = FALSE
	EndGlobalSection
	GlobalSection(ExtensibilityGlobals) = postSolution
		SolutionGuid = {2B69B135-84EE-46FC-BC1A-376839E5B96E}
	EndGlobalSection
EndGlobal
